// !$*UTF8*$!
{
	archiveVersion = 1;
	classes = {
	};
	objectVersion = 56;
	objects = {

/* Begin PBXBuildFile section */
		556D103E2A7CE556006B6CF5 /* AppcentNewsApp.swift in Sources */ = {isa = PBXBuildFile; fileRef = 556D103D2A7CE556006B6CF5 /* AppcentNewsApp.swift */; };
		556D10422A7CE558006B6CF5 /* Assets.xcassets in Resources */ = {isa = PBXBuildFile; fileRef = 556D10412A7CE558006B6CF5 /* Assets.xcassets */; };
		556D10452A7CE558006B6CF5 /* Preview Assets.xcassets in Resources */ = {isa = PBXBuildFile; fileRef = 556D10442A7CE558006B6CF5 /* Preview Assets.xcassets */; };
		556D104F2A7CE558006B6CF5 /* AppcentNewsTests.swift in Sources */ = {isa = PBXBuildFile; fileRef = 556D104E2A7CE558006B6CF5 /* AppcentNewsTests.swift */; };
		556D10592A7CE558006B6CF5 /* AppcentNewsUITests.swift in Sources */ = {isa = PBXBuildFile; fileRef = 556D10582A7CE558006B6CF5 /* AppcentNewsUITests.swift */; };
		556D105B2A7CE558006B6CF5 /* AppcentNewsUITestsLaunchTests.swift in Sources */ = {isa = PBXBuildFile; fileRef = 556D105A2A7CE558006B6CF5 /* AppcentNewsUITestsLaunchTests.swift */; };
		556D106B2A7CE7FD006B6CF5 /* NAMESPACING.swift in Sources */ = {isa = PBXBuildFile; fileRef = 556D106A2A7CE7FD006B6CF5 /* NAMESPACING.swift */; };
		556D10722A7CE8E0006B6CF5 /* Base.ViewModel.swift in Sources */ = {isa = PBXBuildFile; fileRef = 556D10712A7CE8E0006B6CF5 /* Base.ViewModel.swift */; };
		556D10742A7CE9BB006B6CF5 /* Localization.Common.swift in Sources */ = {isa = PBXBuildFile; fileRef = 556D10732A7CE9BB006B6CF5 /* Localization.Common.swift */; };
		556D10762A7CE9FB006B6CF5 /* Views.Common.swift in Sources */ = {isa = PBXBuildFile; fileRef = 556D10752A7CE9FB006B6CF5 /* Views.Common.swift */; };
		556D10792A7CECB6006B6CF5 /* Help.LocalStorage.swift in Sources */ = {isa = PBXBuildFile; fileRef = 556D10782A7CECB6006B6CF5 /* Help.LocalStorage.swift */; };
		556D116D2A7CF8AF006B6CF5 /* Network.HTTPMethod.swift in Sources */ = {isa = PBXBuildFile; fileRef = 556D116C2A7CF8AF006B6CF5 /* Network.HTTPMethod.swift */; };
		556D11702A7CF8E0006B6CF5 /* DataRequest.swift in Sources */ = {isa = PBXBuildFile; fileRef = 556D116F2A7CF8E0006B6CF5 /* DataRequest.swift */; };
		556D11732A7CF9B9006B6CF5 /* Network.Service.swift in Sources */ = {isa = PBXBuildFile; fileRef = 556D11722A7CF9B9006B6CF5 /* Network.Service.swift */; };
		556D117A2A7CFBDA006B6CF5 /* Service.Request.Feed.swift in Sources */ = {isa = PBXBuildFile; fileRef = 556D11792A7CFBDA006B6CF5 /* Service.Request.Feed.swift */; };
		556D11802A7D0259006B6CF5 /* Service.Response.Feed.swift in Sources */ = {isa = PBXBuildFile; fileRef = 556D117F2A7D0259006B6CF5 /* Service.Response.Feed.swift */; };
		556D11842A7D02A6006B6CF5 /* Mappable.swift in Sources */ = {isa = PBXBuildFile; fileRef = 556D11832A7D02A6006B6CF5 /* Mappable.swift */; };
		556D11862A7D031D006B6CF5 /* Service.Model.Feed.swift in Sources */ = {isa = PBXBuildFile; fileRef = 556D11852A7D031D006B6CF5 /* Service.Model.Feed.swift */; };
		556D11892A7D0C4A006B6CF5 /* ViewModel.Feeds.swift in Sources */ = {isa = PBXBuildFile; fileRef = 556D11882A7D0C4A006B6CF5 /* ViewModel.Feeds.swift */; };
		556D118C2A7D25AB006B6CF5 /* Views.Feeds.swift in Sources */ = {isa = PBXBuildFile; fileRef = 556D118B2A7D25AB006B6CF5 /* Views.Feeds.swift */; };
		556D118F2A7D2613006B6CF5 /* Views.Feeds.FeedRow.swift in Sources */ = {isa = PBXBuildFile; fileRef = 556D118E2A7D2613006B6CF5 /* Views.Feeds.FeedRow.swift */; };
		556D11922A7D380E006B6CF5 /* Views.Common.SearchField.swift in Sources */ = {isa = PBXBuildFile; fileRef = 556D11912A7D380E006B6CF5 /* Views.Common.SearchField.swift */; };
		556D11962A7D4479006B6CF5 /* Service.Response.Common.ServerError.swift in Sources */ = {isa = PBXBuildFile; fileRef = 556D11952A7D4479006B6CF5 /* Service.Response.Common.ServerError.swift */; };
		556D11992A7D4496006B6CF5 /* Service.Response.Common.swift in Sources */ = {isa = PBXBuildFile; fileRef = 556D11982A7D4496006B6CF5 /* Service.Response.Common.swift */; };
		556D119C2A7D44CB006B6CF5 /* Service.Model.Common.swift in Sources */ = {isa = PBXBuildFile; fileRef = 556D119B2A7D44CB006B6CF5 /* Service.Model.Common.swift */; };
		556D119F2A7D4501006B6CF5 /* Service.Model.Common.ServerError.swift in Sources */ = {isa = PBXBuildFile; fileRef = 556D119E2A7D4501006B6CF5 /* Service.Model.Common.ServerError.swift */; };
		556D11A22A7D4A4B006B6CF5 /* Localization.Feeds.swift in Sources */ = {isa = PBXBuildFile; fileRef = 556D11A12A7D4A4B006B6CF5 /* Localization.Feeds.swift */; };
		556D11A52A7D4C9F006B6CF5 /* Views.Common.EmptyListView.swift in Sources */ = {isa = PBXBuildFile; fileRef = 556D11A42A7D4C9F006B6CF5 /* Views.Common.EmptyListView.swift */; };
		556D11A82A7D4D79006B6CF5 /* Views.Common.Loading.swift in Sources */ = {isa = PBXBuildFile; fileRef = 556D11A72A7D4D79006B6CF5 /* Views.Common.Loading.swift */; };
/* End PBXBuildFile section */

/* Begin PBXContainerItemProxy section */
		556D104B2A7CE558006B6CF5 /* PBXContainerItemProxy */ = {
			isa = PBXContainerItemProxy;
			containerPortal = 556D10322A7CE556006B6CF5 /* Project object */;
			proxyType = 1;
			remoteGlobalIDString = 556D10392A7CE556006B6CF5;
			remoteInfo = AppcentNews;
		};
		556D10552A7CE558006B6CF5 /* PBXContainerItemProxy */ = {
			isa = PBXContainerItemProxy;
			containerPortal = 556D10322A7CE556006B6CF5 /* Project object */;
			proxyType = 1;
			remoteGlobalIDString = 556D10392A7CE556006B6CF5;
			remoteInfo = AppcentNews;
		};
/* End PBXContainerItemProxy section */

/* Begin PBXFileReference section */
		556D103A2A7CE556006B6CF5 /* AppcentNews.app */ = {isa = PBXFileReference; explicitFileType = wrapper.application; includeInIndex = 0; path = AppcentNews.app; sourceTree = BUILT_PRODUCTS_DIR; };
		556D103D2A7CE556006B6CF5 /* AppcentNewsApp.swift */ = {isa = PBXFileReference; lastKnownFileType = sourcecode.swift; path = AppcentNewsApp.swift; sourceTree = "<group>"; };
		556D10412A7CE558006B6CF5 /* Assets.xcassets */ = {isa = PBXFileReference; lastKnownFileType = folder.assetcatalog; path = Assets.xcassets; sourceTree = "<group>"; };
		556D10442A7CE558006B6CF5 /* Preview Assets.xcassets */ = {isa = PBXFileReference; lastKnownFileType = folder.assetcatalog; path = "Preview Assets.xcassets"; sourceTree = "<group>"; };
		556D104A2A7CE558006B6CF5 /* AppcentNewsTests.xctest */ = {isa = PBXFileReference; explicitFileType = wrapper.cfbundle; includeInIndex = 0; path = AppcentNewsTests.xctest; sourceTree = BUILT_PRODUCTS_DIR; };
		556D104E2A7CE558006B6CF5 /* AppcentNewsTests.swift */ = {isa = PBXFileReference; lastKnownFileType = sourcecode.swift; path = AppcentNewsTests.swift; sourceTree = "<group>"; };
		556D10542A7CE558006B6CF5 /* AppcentNewsUITests.xctest */ = {isa = PBXFileReference; explicitFileType = wrapper.cfbundle; includeInIndex = 0; path = AppcentNewsUITests.xctest; sourceTree = BUILT_PRODUCTS_DIR; };
		556D10582A7CE558006B6CF5 /* AppcentNewsUITests.swift */ = {isa = PBXFileReference; lastKnownFileType = sourcecode.swift; path = AppcentNewsUITests.swift; sourceTree = "<group>"; };
		556D105A2A7CE558006B6CF5 /* AppcentNewsUITestsLaunchTests.swift */ = {isa = PBXFileReference; lastKnownFileType = sourcecode.swift; path = AppcentNewsUITestsLaunchTests.swift; sourceTree = "<group>"; };
		556D106A2A7CE7FD006B6CF5 /* NAMESPACING.swift */ = {isa = PBXFileReference; lastKnownFileType = sourcecode.swift; path = NAMESPACING.swift; sourceTree = "<group>"; };
		556D10712A7CE8E0006B6CF5 /* Base.ViewModel.swift */ = {isa = PBXFileReference; lastKnownFileType = sourcecode.swift; path = Base.ViewModel.swift; sourceTree = "<group>"; };
		556D10732A7CE9BB006B6CF5 /* Localization.Common.swift */ = {isa = PBXFileReference; lastKnownFileType = sourcecode.swift; path = Localization.Common.swift; sourceTree = "<group>"; };
		556D10752A7CE9FB006B6CF5 /* Views.Common.swift */ = {isa = PBXFileReference; lastKnownFileType = sourcecode.swift; path = Views.Common.swift; sourceTree = "<group>"; };
		556D10782A7CECB6006B6CF5 /* Help.LocalStorage.swift */ = {isa = PBXFileReference; lastKnownFileType = sourcecode.swift; path = Help.LocalStorage.swift; sourceTree = "<group>"; };
		556D116C2A7CF8AF006B6CF5 /* Network.HTTPMethod.swift */ = {isa = PBXFileReference; lastKnownFileType = sourcecode.swift; path = Network.HTTPMethod.swift; sourceTree = "<group>"; };
		556D116F2A7CF8E0006B6CF5 /* DataRequest.swift */ = {isa = PBXFileReference; lastKnownFileType = sourcecode.swift; path = DataRequest.swift; sourceTree = "<group>"; };
		556D11722A7CF9B9006B6CF5 /* Network.Service.swift */ = {isa = PBXFileReference; lastKnownFileType = sourcecode.swift; path = Network.Service.swift; sourceTree = "<group>"; };
		556D11792A7CFBDA006B6CF5 /* Service.Request.Feed.swift */ = {isa = PBXFileReference; lastKnownFileType = sourcecode.swift; path = Service.Request.Feed.swift; sourceTree = "<group>"; };
		556D117F2A7D0259006B6CF5 /* Service.Response.Feed.swift */ = {isa = PBXFileReference; lastKnownFileType = sourcecode.swift; path = Service.Response.Feed.swift; sourceTree = "<group>"; };
		556D11832A7D02A6006B6CF5 /* Mappable.swift */ = {isa = PBXFileReference; lastKnownFileType = sourcecode.swift; path = Mappable.swift; sourceTree = "<group>"; };
		556D11852A7D031D006B6CF5 /* Service.Model.Feed.swift */ = {isa = PBXFileReference; lastKnownFileType = sourcecode.swift; path = Service.Model.Feed.swift; sourceTree = "<group>"; };
		556D11882A7D0C4A006B6CF5 /* ViewModel.Feeds.swift */ = {isa = PBXFileReference; lastKnownFileType = sourcecode.swift; path = ViewModel.Feeds.swift; sourceTree = "<group>"; };
		556D118B2A7D25AB006B6CF5 /* Views.Feeds.swift */ = {isa = PBXFileReference; lastKnownFileType = sourcecode.swift; path = Views.Feeds.swift; sourceTree = "<group>"; };
		556D118E2A7D2613006B6CF5 /* Views.Feeds.FeedRow.swift */ = {isa = PBXFileReference; lastKnownFileType = sourcecode.swift; path = Views.Feeds.FeedRow.swift; sourceTree = "<group>"; };
		556D11912A7D380E006B6CF5 /* Views.Common.SearchField.swift */ = {isa = PBXFileReference; lastKnownFileType = sourcecode.swift; path = Views.Common.SearchField.swift; sourceTree = "<group>"; };
		556D11952A7D4479006B6CF5 /* Service.Response.Common.ServerError.swift */ = {isa = PBXFileReference; lastKnownFileType = sourcecode.swift; path = Service.Response.Common.ServerError.swift; sourceTree = "<group>"; };
		556D11982A7D4496006B6CF5 /* Service.Response.Common.swift */ = {isa = PBXFileReference; lastKnownFileType = sourcecode.swift; path = Service.Response.Common.swift; sourceTree = "<group>"; };
		556D119B2A7D44CB006B6CF5 /* Service.Model.Common.swift */ = {isa = PBXFileReference; lastKnownFileType = sourcecode.swift; path = Service.Model.Common.swift; sourceTree = "<group>"; };
		556D119E2A7D4501006B6CF5 /* Service.Model.Common.ServerError.swift */ = {isa = PBXFileReference; lastKnownFileType = sourcecode.swift; path = Service.Model.Common.ServerError.swift; sourceTree = "<group>"; };
		556D11A12A7D4A4B006B6CF5 /* Localization.Feeds.swift */ = {isa = PBXFileReference; lastKnownFileType = sourcecode.swift; path = Localization.Feeds.swift; sourceTree = "<group>"; };
		556D11A42A7D4C9F006B6CF5 /* Views.Common.EmptyListView.swift */ = {isa = PBXFileReference; lastKnownFileType = sourcecode.swift; path = Views.Common.EmptyListView.swift; sourceTree = "<group>"; };
		556D11A72A7D4D79006B6CF5 /* Views.Common.Loading.swift */ = {isa = PBXFileReference; lastKnownFileType = sourcecode.swift; path = Views.Common.Loading.swift; sourceTree = "<group>"; };
/* End PBXFileReference section */

/* Begin PBXFrameworksBuildPhase section */
		556D10372A7CE556006B6CF5 /* Frameworks */ = {
			isa = PBXFrameworksBuildPhase;
			buildActionMask = 2147483647;
			files = (
			);
			runOnlyForDeploymentPostprocessing = 0;
		};
		556D10472A7CE558006B6CF5 /* Frameworks */ = {
			isa = PBXFrameworksBuildPhase;
			buildActionMask = 2147483647;
			files = (
			);
			runOnlyForDeploymentPostprocessing = 0;
		};
		556D10512A7CE558006B6CF5 /* Frameworks */ = {
			isa = PBXFrameworksBuildPhase;
			buildActionMask = 2147483647;
			files = (
			);
			runOnlyForDeploymentPostprocessing = 0;
		};
/* End PBXFrameworksBuildPhase section */

/* Begin PBXGroup section */
		556D10312A7CE556006B6CF5 = {
			isa = PBXGroup;
			children = (
				556D103C2A7CE556006B6CF5 /* AppcentNews */,
				556D104D2A7CE558006B6CF5 /* AppcentNewsTests */,
				556D10572A7CE558006B6CF5 /* AppcentNewsUITests */,
				556D103B2A7CE556006B6CF5 /* Products */,
			);
			sourceTree = "<group>";
		};
		556D103B2A7CE556006B6CF5 /* Products */ = {
			isa = PBXGroup;
			children = (
				556D103A2A7CE556006B6CF5 /* AppcentNews.app */,
				556D104A2A7CE558006B6CF5 /* AppcentNewsTests.xctest */,
				556D10542A7CE558006B6CF5 /* AppcentNewsUITests.xctest */,
			);
			name = Products;
			sourceTree = "<group>";
		};
		556D103C2A7CE556006B6CF5 /* AppcentNews */ = {
			isa = PBXGroup;
			children = (
				556D11812A7D0292006B6CF5 /* Application */,
				556D10692A7CE7D7006B6CF5 /* Network */,
				556D10682A7CE7C9006B6CF5 /* Help */,
				556D10672A7CE7C1006B6CF5 /* Module */,
				556D103D2A7CE556006B6CF5 /* AppcentNewsApp.swift */,
				556D10412A7CE558006B6CF5 /* Assets.xcassets */,
				556D10432A7CE558006B6CF5 /* Preview Content */,
				556D106A2A7CE7FD006B6CF5 /* NAMESPACING.swift */,
			);
			path = AppcentNews;
			sourceTree = "<group>";
		};
		556D10432A7CE558006B6CF5 /* Preview Content */ = {
			isa = PBXGroup;
			children = (
				556D10442A7CE558006B6CF5 /* Preview Assets.xcassets */,
			);
			path = "Preview Content";
			sourceTree = "<group>";
		};
		556D104D2A7CE558006B6CF5 /* AppcentNewsTests */ = {
			isa = PBXGroup;
			children = (
				556D104E2A7CE558006B6CF5 /* AppcentNewsTests.swift */,
			);
			path = AppcentNewsTests;
			sourceTree = "<group>";
		};
		556D10572A7CE558006B6CF5 /* AppcentNewsUITests */ = {
			isa = PBXGroup;
			children = (
				556D10582A7CE558006B6CF5 /* AppcentNewsUITests.swift */,
				556D105A2A7CE558006B6CF5 /* AppcentNewsUITestsLaunchTests.swift */,
			);
			path = AppcentNewsUITests;
			sourceTree = "<group>";
		};
		556D10672A7CE7C1006B6CF5 /* Module */ = {
			isa = PBXGroup;
			children = (
				556D11742A7CFB89006B6CF5 /* Feeds */,
				556D106D2A7CE870006B6CF5 /* Base */,
				556D106C2A7CE868006B6CF5 /* Common */,
			);
			path = Module;
			sourceTree = "<group>";
		};
		556D10682A7CE7C9006B6CF5 /* Help */ = {
			isa = PBXGroup;
			children = (
				556D10772A7CEC5E006B6CF5 /* LocalStorage */,
			);
			path = Help;
			sourceTree = "<group>";
		};
		556D10692A7CE7D7006B6CF5 /* Network */ = {
			isa = PBXGroup;
			children = (
				556D11712A7CF9A6006B6CF5 /* Service */,
				556D116E2A7CF8D5006B6CF5 /* DataRequest */,
				556D116B2A7CF880006B6CF5 /* HTTPMethod */,
			);
			path = Network;
			sourceTree = "<group>";
		};
		556D106C2A7CE868006B6CF5 /* Common */ = {
			isa = PBXGroup;
			children = (
				556D11932A7D4430006B6CF5 /* Service */,
				556D106F2A7CE89E006B6CF5 /* Localization */,
				556D106E2A7CE88C006B6CF5 /* Views */,
			);
			path = Common;
			sourceTree = "<group>";
		};
		556D106D2A7CE870006B6CF5 /* Base */ = {
			isa = PBXGroup;
			children = (
				556D10702A7CE8A9006B6CF5 /* ViewModel */,
			);
			path = Base;
			sourceTree = "<group>";
		};
		556D106E2A7CE88C006B6CF5 /* Views */ = {
			isa = PBXGroup;
			children = (
				556D11A62A7D4D4D006B6CF5 /* Loading */,
				556D11A32A7D4C80006B6CF5 /* EmptyListView */,
				556D11902A7D37EB006B6CF5 /* SearchField */,
				556D10752A7CE9FB006B6CF5 /* Views.Common.swift */,
			);
			path = Views;
			sourceTree = "<group>";
		};
		556D106F2A7CE89E006B6CF5 /* Localization */ = {
			isa = PBXGroup;
			children = (
				556D10732A7CE9BB006B6CF5 /* Localization.Common.swift */,
			);
			path = Localization;
			sourceTree = "<group>";
		};
		556D10702A7CE8A9006B6CF5 /* ViewModel */ = {
			isa = PBXGroup;
			children = (
				556D10712A7CE8E0006B6CF5 /* Base.ViewModel.swift */,
			);
			path = ViewModel;
			sourceTree = "<group>";
		};
		556D10772A7CEC5E006B6CF5 /* LocalStorage */ = {
			isa = PBXGroup;
			children = (
				556D10782A7CECB6006B6CF5 /* Help.LocalStorage.swift */,
			);
			path = LocalStorage;
			sourceTree = "<group>";
		};
		556D116B2A7CF880006B6CF5 /* HTTPMethod */ = {
			isa = PBXGroup;
			children = (
				556D116C2A7CF8AF006B6CF5 /* Network.HTTPMethod.swift */,
			);
			path = HTTPMethod;
			sourceTree = "<group>";
		};
		556D116E2A7CF8D5006B6CF5 /* DataRequest */ = {
			isa = PBXGroup;
			children = (
				556D116F2A7CF8E0006B6CF5 /* DataRequest.swift */,
			);
			path = DataRequest;
			sourceTree = "<group>";
		};
		556D11712A7CF9A6006B6CF5 /* Service */ = {
			isa = PBXGroup;
			children = (
				556D11722A7CF9B9006B6CF5 /* Network.Service.swift */,
			);
			path = Service;
			sourceTree = "<group>";
		};
		556D11742A7CFB89006B6CF5 /* Feeds */ = {
			isa = PBXGroup;
			children = (
				556D11A02A7D4A3C006B6CF5 /* Localization */,
				556D118A2A7D257E006B6CF5 /* View */,
				556D11872A7D0C3B006B6CF5 /* ViewModel */,
				556D11752A7CFBA0006B6CF5 /* Service */,
			);
			path = Feeds;
			sourceTree = "<group>";
		};
		556D11752A7CFBA0006B6CF5 /* Service */ = {
			isa = PBXGroup;
			children = (
				556D11782A7CFBB5006B6CF5 /* Model */,
				556D11772A7CFBAC006B6CF5 /* Response */,
				556D11762A7CFBA6006B6CF5 /* Request */,
			);
			path = Service;
			sourceTree = "<group>";
		};
		556D11762A7CFBA6006B6CF5 /* Request */ = {
			isa = PBXGroup;
			children = (
				556D11792A7CFBDA006B6CF5 /* Service.Request.Feed.swift */,
			);
			path = Request;
			sourceTree = "<group>";
		};
		556D11772A7CFBAC006B6CF5 /* Response */ = {
			isa = PBXGroup;
			children = (
				556D117F2A7D0259006B6CF5 /* Service.Response.Feed.swift */,
			);
			path = Response;
			sourceTree = "<group>";
		};
		556D11782A7CFBB5006B6CF5 /* Model */ = {
			isa = PBXGroup;
			children = (
				556D11852A7D031D006B6CF5 /* Service.Model.Feed.swift */,
			);
			path = Model;
			sourceTree = "<group>";
		};
		556D11812A7D0292006B6CF5 /* Application */ = {
			isa = PBXGroup;
			children = (
				556D11822A7D0299006B6CF5 /* Component */,
			);
			path = Application;
			sourceTree = "<group>";
		};
		556D11822A7D0299006B6CF5 /* Component */ = {
			isa = PBXGroup;
			children = (
				556D11832A7D02A6006B6CF5 /* Mappable.swift */,
			);
			path = Component;
			sourceTree = "<group>";
		};
		556D11872A7D0C3B006B6CF5 /* ViewModel */ = {
			isa = PBXGroup;
			children = (
				556D11882A7D0C4A006B6CF5 /* ViewModel.Feeds.swift */,
			);
			path = ViewModel;
			sourceTree = "<group>";
		};
		556D118A2A7D257E006B6CF5 /* View */ = {
			isa = PBXGroup;
			children = (
				556D118D2A7D25FA006B6CF5 /* Feed */,
				556D118B2A7D25AB006B6CF5 /* Views.Feeds.swift */,
			);
			path = View;
			sourceTree = "<group>";
		};
		556D118D2A7D25FA006B6CF5 /* Feed */ = {
			isa = PBXGroup;
			children = (
				556D118E2A7D2613006B6CF5 /* Views.Feeds.FeedRow.swift */,
			);
			path = Feed;
			sourceTree = "<group>";
		};
		556D11902A7D37EB006B6CF5 /* SearchField */ = {
			isa = PBXGroup;
			children = (
				556D11912A7D380E006B6CF5 /* Views.Common.SearchField.swift */,
			);
			path = SearchField;
			sourceTree = "<group>";
		};
		556D11932A7D4430006B6CF5 /* Service */ = {
			isa = PBXGroup;
			children = (
				556D119A2A7D44BB006B6CF5 /* Model */,
				556D11942A7D444A006B6CF5 /* Response */,
			);
			path = Service;
			sourceTree = "<group>";
		};
		556D11942A7D444A006B6CF5 /* Response */ = {
			isa = PBXGroup;
			children = (
				556D11972A7D447D006B6CF5 /* ServerError */,
				556D11982A7D4496006B6CF5 /* Service.Response.Common.swift */,
			);
			path = Response;
			sourceTree = "<group>";
		};
		556D11972A7D447D006B6CF5 /* ServerError */ = {
			isa = PBXGroup;
			children = (
				556D11952A7D4479006B6CF5 /* Service.Response.Common.ServerError.swift */,
			);
			path = ServerError;
			sourceTree = "<group>";
		};
		556D119A2A7D44BB006B6CF5 /* Model */ = {
			isa = PBXGroup;
			children = (
				556D119D2A7D44D2006B6CF5 /* ServerError */,
				556D119B2A7D44CB006B6CF5 /* Service.Model.Common.swift */,
			);
			path = Model;
			sourceTree = "<group>";
		};
		556D119D2A7D44D2006B6CF5 /* ServerError */ = {
			isa = PBXGroup;
			children = (
				556D119E2A7D4501006B6CF5 /* Service.Model.Common.ServerError.swift */,
			);
			path = ServerError;
			sourceTree = "<group>";
		};
		556D11A02A7D4A3C006B6CF5 /* Localization */ = {
			isa = PBXGroup;
			children = (
				556D11A12A7D4A4B006B6CF5 /* Localization.Feeds.swift */,
			);
			path = Localization;
			sourceTree = "<group>";
		};
		556D11A32A7D4C80006B6CF5 /* EmptyListView */ = {
			isa = PBXGroup;
			children = (
				556D11A42A7D4C9F006B6CF5 /* Views.Common.EmptyListView.swift */,
			);
			path = EmptyListView;
			sourceTree = "<group>";
		};
		556D11A62A7D4D4D006B6CF5 /* Loading */ = {
			isa = PBXGroup;
			children = (
				556D11A72A7D4D79006B6CF5 /* Views.Common.Loading.swift */,
			);
			path = Loading;
			sourceTree = "<group>";
		};
/* End PBXGroup section */

/* Begin PBXNativeTarget section */
		556D10392A7CE556006B6CF5 /* AppcentNews */ = {
			isa = PBXNativeTarget;
			buildConfigurationList = 556D105E2A7CE558006B6CF5 /* Build configuration list for PBXNativeTarget "AppcentNews" */;
			buildPhases = (
				556D10362A7CE556006B6CF5 /* Sources */,
				556D10372A7CE556006B6CF5 /* Frameworks */,
				556D10382A7CE556006B6CF5 /* Resources */,
			);
			buildRules = (
			);
			dependencies = (
			);
			name = AppcentNews;
			productName = AppcentNews;
			productReference = 556D103A2A7CE556006B6CF5 /* AppcentNews.app */;
			productType = "com.apple.product-type.application";
		};
		556D10492A7CE558006B6CF5 /* AppcentNewsTests */ = {
			isa = PBXNativeTarget;
			buildConfigurationList = 556D10612A7CE558006B6CF5 /* Build configuration list for PBXNativeTarget "AppcentNewsTests" */;
			buildPhases = (
				556D10462A7CE558006B6CF5 /* Sources */,
				556D10472A7CE558006B6CF5 /* Frameworks */,
				556D10482A7CE558006B6CF5 /* Resources */,
			);
			buildRules = (
			);
			dependencies = (
				556D104C2A7CE558006B6CF5 /* PBXTargetDependency */,
			);
			name = AppcentNewsTests;
			productName = AppcentNewsTests;
			productReference = 556D104A2A7CE558006B6CF5 /* AppcentNewsTests.xctest */;
			productType = "com.apple.product-type.bundle.unit-test";
		};
		556D10532A7CE558006B6CF5 /* AppcentNewsUITests */ = {
			isa = PBXNativeTarget;
			buildConfigurationList = 556D10642A7CE558006B6CF5 /* Build configuration list for PBXNativeTarget "AppcentNewsUITests" */;
			buildPhases = (
				556D10502A7CE558006B6CF5 /* Sources */,
				556D10512A7CE558006B6CF5 /* Frameworks */,
				556D10522A7CE558006B6CF5 /* Resources */,
			);
			buildRules = (
			);
			dependencies = (
				556D10562A7CE558006B6CF5 /* PBXTargetDependency */,
			);
			name = AppcentNewsUITests;
			productName = AppcentNewsUITests;
			productReference = 556D10542A7CE558006B6CF5 /* AppcentNewsUITests.xctest */;
			productType = "com.apple.product-type.bundle.ui-testing";
		};
/* End PBXNativeTarget section */

/* Begin PBXProject section */
		556D10322A7CE556006B6CF5 /* Project object */ = {
			isa = PBXProject;
			attributes = {
				BuildIndependentTargetsInParallel = 1;
				LastSwiftUpdateCheck = 1430;
				LastUpgradeCheck = 1430;
				TargetAttributes = {
					556D10392A7CE556006B6CF5 = {
						CreatedOnToolsVersion = 14.3.1;
					};
					556D10492A7CE558006B6CF5 = {
						CreatedOnToolsVersion = 14.3.1;
						TestTargetID = 556D10392A7CE556006B6CF5;
					};
					556D10532A7CE558006B6CF5 = {
						CreatedOnToolsVersion = 14.3.1;
						TestTargetID = 556D10392A7CE556006B6CF5;
					};
				};
			};
			buildConfigurationList = 556D10352A7CE556006B6CF5 /* Build configuration list for PBXProject "AppcentNews" */;
			compatibilityVersion = "Xcode 14.0";
			developmentRegion = en;
			hasScannedForEncodings = 0;
			knownRegions = (
				en,
				Base,
			);
			mainGroup = 556D10312A7CE556006B6CF5;
			productRefGroup = 556D103B2A7CE556006B6CF5 /* Products */;
			projectDirPath = "";
			projectRoot = "";
			targets = (
				556D10392A7CE556006B6CF5 /* AppcentNews */,
				556D10492A7CE558006B6CF5 /* AppcentNewsTests */,
				556D10532A7CE558006B6CF5 /* AppcentNewsUITests */,
			);
		};
/* End PBXProject section */

/* Begin PBXResourcesBuildPhase section */
		556D10382A7CE556006B6CF5 /* Resources */ = {
			isa = PBXResourcesBuildPhase;
			buildActionMask = 2147483647;
			files = (
				556D10452A7CE558006B6CF5 /* Preview Assets.xcassets in Resources */,
				556D10422A7CE558006B6CF5 /* Assets.xcassets in Resources */,
			);
			runOnlyForDeploymentPostprocessing = 0;
		};
		556D10482A7CE558006B6CF5 /* Resources */ = {
			isa = PBXResourcesBuildPhase;
			buildActionMask = 2147483647;
			files = (
			);
			runOnlyForDeploymentPostprocessing = 0;
		};
		556D10522A7CE558006B6CF5 /* Resources */ = {
			isa = PBXResourcesBuildPhase;
			buildActionMask = 2147483647;
			files = (
			);
			runOnlyForDeploymentPostprocessing = 0;
		};
/* End PBXResourcesBuildPhase section */

/* Begin PBXSourcesBuildPhase section */
		556D10362A7CE556006B6CF5 /* Sources */ = {
			isa = PBXSourcesBuildPhase;
			buildActionMask = 2147483647;
			files = (
				556D10722A7CE8E0006B6CF5 /* Base.ViewModel.swift in Sources */,
				556D11A22A7D4A4B006B6CF5 /* Localization.Feeds.swift in Sources */,
				556D11702A7CF8E0006B6CF5 /* DataRequest.swift in Sources */,
				556D11992A7D4496006B6CF5 /* Service.Response.Common.swift in Sources */,
				556D118F2A7D2613006B6CF5 /* Views.Feeds.FeedRow.swift in Sources */,
				556D119C2A7D44CB006B6CF5 /* Service.Model.Common.swift in Sources */,
				556D117A2A7CFBDA006B6CF5 /* Service.Request.Feed.swift in Sources */,
				556D11922A7D380E006B6CF5 /* Views.Common.SearchField.swift in Sources */,
				556D11862A7D031D006B6CF5 /* Service.Model.Feed.swift in Sources */,
				556D11732A7CF9B9006B6CF5 /* Network.Service.swift in Sources */,
				556D11892A7D0C4A006B6CF5 /* ViewModel.Feeds.swift in Sources */,
				556D11962A7D4479006B6CF5 /* Service.Response.Common.ServerError.swift in Sources */,
				556D10762A7CE9FB006B6CF5 /* Views.Common.swift in Sources */,
				556D11802A7D0259006B6CF5 /* Service.Response.Feed.swift in Sources */,
				556D11842A7D02A6006B6CF5 /* Mappable.swift in Sources */,
				556D106B2A7CE7FD006B6CF5 /* NAMESPACING.swift in Sources */,
				556D119F2A7D4501006B6CF5 /* Service.Model.Common.ServerError.swift in Sources */,
				556D116D2A7CF8AF006B6CF5 /* Network.HTTPMethod.swift in Sources */,
				556D103E2A7CE556006B6CF5 /* AppcentNewsApp.swift in Sources */,
				556D11A52A7D4C9F006B6CF5 /* Views.Common.EmptyListView.swift in Sources */,
				556D10742A7CE9BB006B6CF5 /* Localization.Common.swift in Sources */,
				556D10792A7CECB6006B6CF5 /* Help.LocalStorage.swift in Sources */,
				556D11A82A7D4D79006B6CF5 /* Views.Common.Loading.swift in Sources */,
				556D118C2A7D25AB006B6CF5 /* Views.Feeds.swift in Sources */,
			);
			runOnlyForDeploymentPostprocessing = 0;
		};
		556D10462A7CE558006B6CF5 /* Sources */ = {
			isa = PBXSourcesBuildPhase;
			buildActionMask = 2147483647;
			files = (
				556D104F2A7CE558006B6CF5 /* AppcentNewsTests.swift in Sources */,
			);
			runOnlyForDeploymentPostprocessing = 0;
		};
		556D10502A7CE558006B6CF5 /* Sources */ = {
			isa = PBXSourcesBuildPhase;
			buildActionMask = 2147483647;
			files = (
				556D10592A7CE558006B6CF5 /* AppcentNewsUITests.swift in Sources */,
				556D105B2A7CE558006B6CF5 /* AppcentNewsUITestsLaunchTests.swift in Sources */,
			);
			runOnlyForDeploymentPostprocessing = 0;
		};
/* End PBXSourcesBuildPhase section */

/* Begin PBXTargetDependency section */
		556D104C2A7CE558006B6CF5 /* PBXTargetDependency */ = {
			isa = PBXTargetDependency;
			target = 556D10392A7CE556006B6CF5 /* AppcentNews */;
			targetProxy = 556D104B2A7CE558006B6CF5 /* PBXContainerItemProxy */;
		};
		556D10562A7CE558006B6CF5 /* PBXTargetDependency */ = {
			isa = PBXTargetDependency;
			target = 556D10392A7CE556006B6CF5 /* AppcentNews */;
			targetProxy = 556D10552A7CE558006B6CF5 /* PBXContainerItemProxy */;
		};
/* End PBXTargetDependency section */

/* Begin XCBuildConfiguration section */
		556D105C2A7CE558006B6CF5 /* Debug */ = {
			isa = XCBuildConfiguration;
			buildSettings = {
				ALWAYS_SEARCH_USER_PATHS = NO;
				CLANG_ANALYZER_NONNULL = YES;
				CLANG_ANALYZER_NUMBER_OBJECT_CONVERSION = YES_AGGRESSIVE;
				CLANG_CXX_LANGUAGE_STANDARD = "gnu++20";
				CLANG_ENABLE_MODULES = YES;
				CLANG_ENABLE_OBJC_ARC = YES;
				CLANG_ENABLE_OBJC_WEAK = YES;
				CLANG_WARN_BLOCK_CAPTURE_AUTORELEASING = YES;
				CLANG_WARN_BOOL_CONVERSION = YES;
				CLANG_WARN_COMMA = YES;
				CLANG_WARN_CONSTANT_CONVERSION = YES;
				CLANG_WARN_DEPRECATED_OBJC_IMPLEMENTATIONS = YES;
				CLANG_WARN_DIRECT_OBJC_ISA_USAGE = YES_ERROR;
				CLANG_WARN_DOCUMENTATION_COMMENTS = YES;
				CLANG_WARN_EMPTY_BODY = YES;
				CLANG_WARN_ENUM_CONVERSION = YES;
				CLANG_WARN_INFINITE_RECURSION = YES;
				CLANG_WARN_INT_CONVERSION = YES;
				CLANG_WARN_NON_LITERAL_NULL_CONVERSION = YES;
				CLANG_WARN_OBJC_IMPLICIT_RETAIN_SELF = YES;
				CLANG_WARN_OBJC_LITERAL_CONVERSION = YES;
				CLANG_WARN_OBJC_ROOT_CLASS = YES_ERROR;
				CLANG_WARN_QUOTED_INCLUDE_IN_FRAMEWORK_HEADER = YES;
				CLANG_WARN_RANGE_LOOP_ANALYSIS = YES;
				CLANG_WARN_STRICT_PROTOTYPES = YES;
				CLANG_WARN_SUSPICIOUS_MOVE = YES;
				CLANG_WARN_UNGUARDED_AVAILABILITY = YES_AGGRESSIVE;
				CLANG_WARN_UNREACHABLE_CODE = YES;
				CLANG_WARN__DUPLICATE_METHOD_MATCH = YES;
				COPY_PHASE_STRIP = NO;
				DEBUG_INFORMATION_FORMAT = dwarf;
				ENABLE_STRICT_OBJC_MSGSEND = YES;
				ENABLE_TESTABILITY = YES;
				GCC_C_LANGUAGE_STANDARD = gnu11;
				GCC_DYNAMIC_NO_PIC = NO;
				GCC_NO_COMMON_BLOCKS = YES;
				GCC_OPTIMIZATION_LEVEL = 0;
				GCC_PREPROCESSOR_DEFINITIONS = (
					"DEBUG=1",
					"$(inherited)",
				);
				GCC_WARN_64_TO_32_BIT_CONVERSION = YES;
				GCC_WARN_ABOUT_RETURN_TYPE = YES_ERROR;
				GCC_WARN_UNDECLARED_SELECTOR = YES;
				GCC_WARN_UNINITIALIZED_AUTOS = YES_AGGRESSIVE;
				GCC_WARN_UNUSED_FUNCTION = YES;
				GCC_WARN_UNUSED_VARIABLE = YES;
				IPHONEOS_DEPLOYMENT_TARGET = 16.4;
				MTL_ENABLE_DEBUG_INFO = INCLUDE_SOURCE;
				MTL_FAST_MATH = YES;
				ONLY_ACTIVE_ARCH = YES;
				SDKROOT = iphoneos;
				SWIFT_ACTIVE_COMPILATION_CONDITIONS = DEBUG;
				SWIFT_OPTIMIZATION_LEVEL = "-Onone";
			};
			name = Debug;
		};
		556D105D2A7CE558006B6CF5 /* Release */ = {
			isa = XCBuildConfiguration;
			buildSettings = {
				ALWAYS_SEARCH_USER_PATHS = NO;
				CLANG_ANALYZER_NONNULL = YES;
				CLANG_ANALYZER_NUMBER_OBJECT_CONVERSION = YES_AGGRESSIVE;
				CLANG_CXX_LANGUAGE_STANDARD = "gnu++20";
				CLANG_ENABLE_MODULES = YES;
				CLANG_ENABLE_OBJC_ARC = YES;
				CLANG_ENABLE_OBJC_WEAK = YES;
				CLANG_WARN_BLOCK_CAPTURE_AUTORELEASING = YES;
				CLANG_WARN_BOOL_CONVERSION = YES;
				CLANG_WARN_COMMA = YES;
				CLANG_WARN_CONSTANT_CONVERSION = YES;
				CLANG_WARN_DEPRECATED_OBJC_IMPLEMENTATIONS = YES;
				CLANG_WARN_DIRECT_OBJC_ISA_USAGE = YES_ERROR;
				CLANG_WARN_DOCUMENTATION_COMMENTS = YES;
				CLANG_WARN_EMPTY_BODY = YES;
				CLANG_WARN_ENUM_CONVERSION = YES;
				CLANG_WARN_INFINITE_RECURSION = YES;
				CLANG_WARN_INT_CONVERSION = YES;
				CLANG_WARN_NON_LITERAL_NULL_CONVERSION = YES;
				CLANG_WARN_OBJC_IMPLICIT_RETAIN_SELF = YES;
				CLANG_WARN_OBJC_LITERAL_CONVERSION = YES;
				CLANG_WARN_OBJC_ROOT_CLASS = YES_ERROR;
				CLANG_WARN_QUOTED_INCLUDE_IN_FRAMEWORK_HEADER = YES;
				CLANG_WARN_RANGE_LOOP_ANALYSIS = YES;
				CLANG_WARN_STRICT_PROTOTYPES = YES;
				CLANG_WARN_SUSPICIOUS_MOVE = YES;
				CLANG_WARN_UNGUARDED_AVAILABILITY = YES_AGGRESSIVE;
				CLANG_WARN_UNREACHABLE_CODE = YES;
				CLANG_WARN__DUPLICATE_METHOD_MATCH = YES;
				COPY_PHASE_STRIP = NO;
				DEBUG_INFORMATION_FORMAT = "dwarf-with-dsym";
				ENABLE_NS_ASSERTIONS = NO;
				ENABLE_STRICT_OBJC_MSGSEND = YES;
				GCC_C_LANGUAGE_STANDARD = gnu11;
				GCC_NO_COMMON_BLOCKS = YES;
				GCC_WARN_64_TO_32_BIT_CONVERSION = YES;
				GCC_WARN_ABOUT_RETURN_TYPE = YES_ERROR;
				GCC_WARN_UNDECLARED_SELECTOR = YES;
				GCC_WARN_UNINITIALIZED_AUTOS = YES_AGGRESSIVE;
				GCC_WARN_UNUSED_FUNCTION = YES;
				GCC_WARN_UNUSED_VARIABLE = YES;
				IPHONEOS_DEPLOYMENT_TARGET = 16.4;
				MTL_ENABLE_DEBUG_INFO = NO;
				MTL_FAST_MATH = YES;
				SDKROOT = iphoneos;
				SWIFT_COMPILATION_MODE = wholemodule;
				SWIFT_OPTIMIZATION_LEVEL = "-O";
				VALIDATE_PRODUCT = YES;
			};
			name = Release;
		};
		556D105F2A7CE558006B6CF5 /* Debug */ = {
			isa = XCBuildConfiguration;
			buildSettings = {
				ASSETCATALOG_COMPILER_APPICON_NAME = AppIcon;
				ASSETCATALOG_COMPILER_GLOBAL_ACCENT_COLOR_NAME = AccentColor;
				CODE_SIGN_STYLE = Automatic;
				CURRENT_PROJECT_VERSION = 1;
				DEVELOPMENT_ASSET_PATHS = "\"AppcentNews/Preview Content\"";
				DEVELOPMENT_TEAM = EN8UYVEADN;
				ENABLE_PREVIEWS = YES;
				GENERATE_INFOPLIST_FILE = YES;
				INFOPLIST_KEY_UIApplicationSceneManifest_Generation = YES;
				INFOPLIST_KEY_UIApplicationSupportsIndirectInputEvents = YES;
				INFOPLIST_KEY_UILaunchScreen_Generation = YES;
				INFOPLIST_KEY_UISupportedInterfaceOrientations_iPad = "UIInterfaceOrientationPortrait UIInterfaceOrientationPortraitUpsideDown UIInterfaceOrientationLandscapeLeft UIInterfaceOrientationLandscapeRight";
				INFOPLIST_KEY_UISupportedInterfaceOrientations_iPhone = "UIInterfaceOrientationPortrait UIInterfaceOrientationLandscapeLeft UIInterfaceOrientationLandscapeRight";
				LD_RUNPATH_SEARCH_PATHS = (
					"$(inherited)",
					"@executable_path/Frameworks",
				);
				MARKETING_VERSION = 1.0;
				PRODUCT_BUNDLE_IDENTIFIER = akbari.mohammad.AppcentNews;
				PRODUCT_NAME = "$(TARGET_NAME)";
				SWIFT_EMIT_LOC_STRINGS = YES;
				SWIFT_VERSION = 5.0;
				TARGETED_DEVICE_FAMILY = "1,2";
			};
			name = Debug;
		};
		556D10602A7CE558006B6CF5 /* Release */ = {
			isa = XCBuildConfiguration;
			buildSettings = {
				ASSETCATALOG_COMPILER_APPICON_NAME = AppIcon;
				ASSETCATALOG_COMPILER_GLOBAL_ACCENT_COLOR_NAME = AccentColor;
				CODE_SIGN_STYLE = Automatic;
				CURRENT_PROJECT_VERSION = 1;
				DEVELOPMENT_ASSET_PATHS = "\"AppcentNews/Preview Content\"";
				DEVELOPMENT_TEAM = EN8UYVEADN;
				ENABLE_PREVIEWS = YES;
				GENERATE_INFOPLIST_FILE = YES;
				INFOPLIST_KEY_UIApplicationSceneManifest_Generation = YES;
				INFOPLIST_KEY_UIApplicationSupportsIndirectInputEvents = YES;
				INFOPLIST_KEY_UILaunchScreen_Generation = YES;
				INFOPLIST_KEY_UISupportedInterfaceOrientations_iPad = "UIInterfaceOrientationPortrait UIInterfaceOrientationPortraitUpsideDown UIInterfaceOrientationLandscapeLeft UIInterfaceOrientationLandscapeRight";
				INFOPLIST_KEY_UISupportedInterfaceOrientations_iPhone = "UIInterfaceOrientationPortrait UIInterfaceOrientationLandscapeLeft UIInterfaceOrientationLandscapeRight";
				LD_RUNPATH_SEARCH_PATHS = (
					"$(inherited)",
					"@executable_path/Frameworks",
				);
				MARKETING_VERSION = 1.0;
				PRODUCT_BUNDLE_IDENTIFIER = akbari.mohammad.AppcentNews;
				PRODUCT_NAME = "$(TARGET_NAME)";
				SWIFT_EMIT_LOC_STRINGS = YES;
				SWIFT_VERSION = 5.0;
				TARGETED_DEVICE_FAMILY = "1,2";
			};
			name = Release;
		};
		556D10622A7CE558006B6CF5 /* Debug */ = {
			isa = XCBuildConfiguration;
			buildSettings = {
				ALWAYS_EMBED_SWIFT_STANDARD_LIBRARIES = YES;
				BUNDLE_LOADER = "$(TEST_HOST)";
				CODE_SIGN_STYLE = Automatic;
				CURRENT_PROJECT_VERSION = 1;
				DEVELOPMENT_TEAM = EN8UYVEADN;
				GENERATE_INFOPLIST_FILE = YES;
				IPHONEOS_DEPLOYMENT_TARGET = 16.4;
				MARKETING_VERSION = 1.0;
				PRODUCT_BUNDLE_IDENTIFIER = akbari.mohammad.AppcentNewsTests;
				PRODUCT_NAME = "$(TARGET_NAME)";
				SWIFT_EMIT_LOC_STRINGS = NO;
				SWIFT_VERSION = 5.0;
				TARGETED_DEVICE_FAMILY = "1,2";
				TEST_HOST = "$(BUILT_PRODUCTS_DIR)/AppcentNews.app/$(BUNDLE_EXECUTABLE_FOLDER_PATH)/AppcentNews";
			};
			name = Debug;
		};
		556D10632A7CE558006B6CF5 /* Release */ = {
			isa = XCBuildConfiguration;
			buildSettings = {
				ALWAYS_EMBED_SWIFT_STANDARD_LIBRARIES = YES;
				BUNDLE_LOADER = "$(TEST_HOST)";
				CODE_SIGN_STYLE = Automatic;
				CURRENT_PROJECT_VERSION = 1;
				DEVELOPMENT_TEAM = EN8UYVEADN;
				GENERATE_INFOPLIST_FILE = YES;
				IPHONEOS_DEPLOYMENT_TARGET = 16.4;
				MARKETING_VERSION = 1.0;
				PRODUCT_BUNDLE_IDENTIFIER = akbari.mohammad.AppcentNewsTests;
				PRODUCT_NAME = "$(TARGET_NAME)";
				SWIFT_EMIT_LOC_STRINGS = NO;
				SWIFT_VERSION = 5.0;
				TARGETED_DEVICE_FAMILY = "1,2";
				TEST_HOST = "$(BUILT_PRODUCTS_DIR)/AppcentNews.app/$(BUNDLE_EXECUTABLE_FOLDER_PATH)/AppcentNews";
			};
			name = Release;
		};
		556D10652A7CE558006B6CF5 /* Debug */ = {
			isa = XCBuildConfiguration;
			buildSettings = {
				ALWAYS_EMBED_SWIFT_STANDARD_LIBRARIES = YES;
				CODE_SIGN_STYLE = Automatic;
				CURRENT_PROJECT_VERSION = 1;
				DEVELOPMENT_TEAM = EN8UYVEADN;
				GENERATE_INFOPLIST_FILE = YES;
				MARKETING_VERSION = 1.0;
				PRODUCT_BUNDLE_IDENTIFIER = akbari.mohammad.AppcentNewsUITests;
				PRODUCT_NAME = "$(TARGET_NAME)";
				SWIFT_EMIT_LOC_STRINGS = NO;
				SWIFT_VERSION = 5.0;
				TARGETED_DEVICE_FAMILY = "1,2";
				TEST_TARGET_NAME = AppcentNews;
			};
			name = Debug;
		};
		556D10662A7CE558006B6CF5 /* Release */ = {
			isa = XCBuildConfiguration;
			buildSettings = {
				ALWAYS_EMBED_SWIFT_STANDARD_LIBRARIES = YES;
				CODE_SIGN_STYLE = Automatic;
				CURRENT_PROJECT_VERSION = 1;
				DEVELOPMENT_TEAM = EN8UYVEADN;
				GENERATE_INFOPLIST_FILE = YES;
				MARKETING_VERSION = 1.0;
				PRODUCT_BUNDLE_IDENTIFIER = akbari.mohammad.AppcentNewsUITests;
				PRODUCT_NAME = "$(TARGET_NAME)";
				SWIFT_EMIT_LOC_STRINGS = NO;
				SWIFT_VERSION = 5.0;
				TARGETED_DEVICE_FAMILY = "1,2";
				TEST_TARGET_NAME = AppcentNews;
			};
			name = Release;
		};
/* End XCBuildConfiguration section */

/* Begin XCConfigurationList section */
		556D10352A7CE556006B6CF5 /* Build configuration list for PBXProject "AppcentNews" */ = {
			isa = XCConfigurationList;
			buildConfigurations = (
				556D105C2A7CE558006B6CF5 /* Debug */,
				556D105D2A7CE558006B6CF5 /* Release */,
			);
			defaultConfigurationIsVisible = 0;
			defaultConfigurationName = Release;
		};
		556D105E2A7CE558006B6CF5 /* Build configuration list for PBXNativeTarget "AppcentNews" */ = {
			isa = XCConfigurationList;
			buildConfigurations = (
				556D105F2A7CE558006B6CF5 /* Debug */,
				556D10602A7CE558006B6CF5 /* Release */,
			);
			defaultConfigurationIsVisible = 0;
			defaultConfigurationName = Release;
		};
		556D10612A7CE558006B6CF5 /* Build configuration list for PBXNativeTarget "AppcentNewsTests" */ = {
			isa = XCConfigurationList;
			buildConfigurations = (
				556D10622A7CE558006B6CF5 /* Debug */,
				556D10632A7CE558006B6CF5 /* Release */,
			);
			defaultConfigurationIsVisible = 0;
			defaultConfigurationName = Release;
		};
		556D10642A7CE558006B6CF5 /* Build configuration list for PBXNativeTarget "AppcentNewsUITests" */ = {
			isa = XCConfigurationList;
			buildConfigurations = (
				556D10652A7CE558006B6CF5 /* Debug */,
				556D10662A7CE558006B6CF5 /* Release */,
			);
			defaultConfigurationIsVisible = 0;
			defaultConfigurationName = Release;
		};
/* End XCConfigurationList section */
	};
	rootObject = 556D10322A7CE556006B6CF5 /* Project object */;
}
